
Microsoft Visual Studio Solution File, Format Version 12.00
# Visual Studio Version 17
VisualStudioVersion = 17.6.33829.357
MinimumVisualStudioVersion = 10.0.40219.1
Project("{888888A0-9F3D-457C-B088-3A5042F75D52}") = "wise", "wise\wise.pyproj", "{1B989CD4-003E-4380-BFC7-89EE05F6873E}"
EndProject
Global
	GlobalSection(SolutionConfigurationPlatforms) = preSolution
		Debug|Any CPU = Debug|Any CPU
		Release|Any CPU = Release|Any CPU
	EndGlobalSection
	GlobalSection(ProjectConfigurationPlatforms) = postSolution
		{1B989CD4-003E-4380-BFC7-89EE05F6873E}.Debug|Any CPU.ActiveCfg = Debug|Any CPU
		{1B989CD4-003E-4380-BFC7-89EE05F6873E}.Release|Any CPU.ActiveCfg = Release|Any CPU
	EndGlobalSection
	GlobalSection(SolutionProperties) = preSolution
		HideSolutionNode = FALSE
	EndGlobalSection
	GlobalSection(ExtensibilityGlobals) = postSolution
		SolutionGuid = {3EAC913E-CF59-4EE9-A5C0-A1AEC1CD5274}
	EndGlobalSection
EndGlobal
